// !$*UTF8*$!
{
	archiveVersion = 1;
	classes = {
	};
	objectVersion = 46;
	objects = {

/* Begin PBXBuildFile section */
		D194A0AF197ACC3D005E1D9A /* main.m in Sources */ = {isa = PBXBuildFile; fileRef = D194A0AE197ACC3D005E1D9A /* main.m */; };
		D194A0B2197ACC3D005E1D9A /* AppDelegate.m in Sources */ = {isa = PBXBuildFile; fileRef = D194A0B1197ACC3D005E1D9A /* AppDelegate.m */; };
		D194A0B5197ACC3D005E1D9A /* ViewController.m in Sources */ = {isa = PBXBuildFile; fileRef = D194A0B4197ACC3D005E1D9A /* ViewController.m */; };
		D194A0B8197ACC3D005E1D9A /* Main.storyboard in Resources */ = {isa = PBXBuildFile; fileRef = D194A0B6197ACC3D005E1D9A /* Main.storyboard */; };
		D194A0BA197ACC3D005E1D9A /* Images.xcassets in Resources */ = {isa = PBXBuildFile; fileRef = D194A0B9197ACC3D005E1D9A /* Images.xcassets */; };
		D194A0C6197ACC3E005E1D9A /* NotifyTests.m in Sources */ = {isa = PBXBuildFile; fileRef = D194A0C5197ACC3E005E1D9A /* NotifyTests.m */; };
		EE54ED8AB7A948D9A6A11BBC /* libPods.a in Frameworks */ = {isa = PBXBuildFile; fileRef = AAAE016498A244F89B7761A8 /* libPods.a */; };
/* End PBXBuildFile section */

/* Begin PBXContainerItemProxy section */
		D194A0C0197ACC3E005E1D9A /* PBXContainerItemProxy */ = {
			isa = PBXContainerItemProxy;
			containerPortal = D194A0A1197ACC3D005E1D9A /* Project object */;
			proxyType = 1;
			remoteGlobalIDString = D194A0A8197ACC3D005E1D9A;
			remoteInfo = Notify;
		};
/* End PBXContainerItemProxy section */

/* Begin PBXFileReference section */
		16F1AAF35698424AB99D214E /* Pods.xcconfig */ = {isa = PBXFileReference; includeInIndex = 1; lastKnownFileType = text.xcconfig; name = Pods.xcconfig; path = Pods/Pods.xcconfig; sourceTree = "<group>"; };
		AAAE016498A244F89B7761A8 /* libPods.a */ = {isa = PBXFileReference; explicitFileType = archive.ar; includeInIndex = 0; path = libPods.a; sourceTree = BUILT_PRODUCTS_DIR; };
		D194A0A9197ACC3D005E1D9A /* Notify.app */ = {isa = PBXFileReference; explicitFileType = wrapper.application; includeInIndex = 0; path = Notify.app; sourceTree = BUILT_PRODUCTS_DIR; };
		D194A0AD197ACC3D005E1D9A /* Info.plist */ = {isa = PBXFileReference; lastKnownFileType = text.plist.xml; path = Info.plist; sourceTree = "<group>"; };
		D194A0AE197ACC3D005E1D9A /* main.m */ = {isa = PBXFileReference; lastKnownFileType = sourcecode.c.objc; path = main.m; sourceTree = "<group>"; };
		D194A0B0197ACC3D005E1D9A /* AppDelegate.h */ = {isa = PBXFileReference; lastKnownFileType = sourcecode.c.h; path = AppDelegate.h; sourceTree = "<group>"; };
		D194A0B1197ACC3D005E1D9A /* AppDelegate.m */ = {isa = PBXFileReference; lastKnownFileType = sourcecode.c.objc; path = AppDelegate.m; sourceTree = "<group>"; };
		D194A0B3197ACC3D005E1D9A /* ViewController.h */ = {isa = PBXFileReference; lastKnownFileType = sourcecode.c.h; path = ViewController.h; sourceTree = "<group>"; };
		D194A0B4197ACC3D005E1D9A /* ViewController.m */ = {isa = PBXFileReference; lastKnownFileType = sourcecode.c.objc; path = ViewController.m; sourceTree = "<group>"; };
		D194A0B7197ACC3D005E1D9A /* Base */ = {isa = PBXFileReference; lastKnownFileType = file.storyboard; name = Base; path = Base.lproj/Main.storyboard; sourceTree = "<group>"; };
		D194A0B9197ACC3D005E1D9A /* Images.xcassets */ = {isa = PBXFileReference; lastKnownFileType = folder.assetcatalog; path = Images.xcassets; sourceTree = "<group>"; };
		D194A0BF197ACC3E005E1D9A /* NotifyTests.xctest */ = {isa = PBXFileReference; explicitFileType = wrapper.cfbundle; includeInIndex = 0; path = NotifyTests.xctest; sourceTree = BUILT_PRODUCTS_DIR; };
		D194A0C4197ACC3E005E1D9A /* Info.plist */ = {isa = PBXFileReference; lastKnownFileType = text.plist.xml; path = Info.plist; sourceTree = "<group>"; };
		D194A0C5197ACC3E005E1D9A /* NotifyTests.m */ = {isa = PBXFileReference; lastKnownFileType = sourcecode.c.objc; path = NotifyTests.m; sourceTree = "<group>"; };
/* End PBXFileReference section */

/* Begin PBXFrameworksBuildPhase section */
		D194A0A6197ACC3D005E1D9A /* Frameworks */ = {
			isa = PBXFrameworksBuildPhase;
			buildActionMask = 2147483647;
			files = (
				EE54ED8AB7A948D9A6A11BBC /* libPods.a in Frameworks */,
			);
			runOnlyForDeploymentPostprocessing = 0;
		};
		D194A0BC197ACC3E005E1D9A /* Frameworks */ = {
			isa = PBXFrameworksBuildPhase;
			buildActionMask = 2147483647;
			files = (
			);
			runOnlyForDeploymentPostprocessing = 0;
		};
/* End PBXFrameworksBuildPhase section */

/* Begin PBXGroup section */
		3FF27BD9A8EC4EA2B18AFAF5 /* Frameworks */ = {
			isa = PBXGroup;
			children = (
				AAAE016498A244F89B7761A8 /* libPods.a */,
			);
			name = Frameworks;
			sourceTree = "<group>";
		};
		D194A0A0197ACC3D005E1D9A = {
			isa = PBXGroup;
			children = (
				D194A0AB197ACC3D005E1D9A /* Notify */,
				D194A0C2197ACC3E005E1D9A /* NotifyTests */,
				D194A0AA197ACC3D005E1D9A /* Products */,
				16F1AAF35698424AB99D214E /* Pods.xcconfig */,
				3FF27BD9A8EC4EA2B18AFAF5 /* Frameworks */,
			);
			sourceTree = "<group>";
		};
		D194A0AA197ACC3D005E1D9A /* Products */ = {
			isa = PBXGroup;
			children = (
				D194A0A9197ACC3D005E1D9A /* Notify.app */,
				D194A0BF197ACC3E005E1D9A /* NotifyTests.xctest */,
			);
			name = Products;
			sourceTree = "<group>";
		};
		D194A0AB197ACC3D005E1D9A /* Notify */ = {
			isa = PBXGroup;
			children = (
				D194A0B0197ACC3D005E1D9A /* AppDelegate.h */,
				D194A0B1197ACC3D005E1D9A /* AppDelegate.m */,
				D194A0B3197ACC3D005E1D9A /* ViewController.h */,
				D194A0B4197ACC3D005E1D9A /* ViewController.m */,
				D194A0B6197ACC3D005E1D9A /* Main.storyboard */,
				D194A0B9197ACC3D005E1D9A /* Images.xcassets */,
				D194A0AC197ACC3D005E1D9A /* Supporting Files */,
			);
			path = Notify;
			sourceTree = "<group>";
		};
		D194A0AC197ACC3D005E1D9A /* Supporting Files */ = {
			isa = PBXGroup;
			children = (
				D194A0AD197ACC3D005E1D9A /* Info.plist */,
				D194A0AE197ACC3D005E1D9A /* main.m */,
			);
			name = "Supporting Files";
			sourceTree = "<group>";
		};
		D194A0C2197ACC3E005E1D9A /* NotifyTests */ = {
			isa = PBXGroup;
			children = (
				D194A0C5197ACC3E005E1D9A /* NotifyTests.m */,
				D194A0C3197ACC3E005E1D9A /* Supporting Files */,
			);
			path = NotifyTests;
			sourceTree = "<group>";
		};
		D194A0C3197ACC3E005E1D9A /* Supporting Files */ = {
			isa = PBXGroup;
			children = (
				D194A0C4197ACC3E005E1D9A /* Info.plist */,
			);
			name = "Supporting Files";
			sourceTree = "<group>";
		};
/* End PBXGroup section */

/* Begin PBXNativeTarget section */
		D194A0A8197ACC3D005E1D9A /* Notify */ = {
			isa = PBXNativeTarget;
			buildConfigurationList = D194A0C9197ACC3E005E1D9A /* Build configuration list for PBXNativeTarget "Notify" */;
			buildPhases = (
				7FDBC50720F54751AF9EA1A7 /* Check Pods Manifest.lock */,
				D194A0A5197ACC3D005E1D9A /* Sources */,
				D194A0A6197ACC3D005E1D9A /* Frameworks */,
				D194A0A7197ACC3D005E1D9A /* Resources */,
				F368AAD0CB994B448581E29A /* Copy Pods Resources */,
			);
			buildRules = (
			);
			dependencies = (
			);
			name = Notify;
			productName = Notify;
			productReference = D194A0A9197ACC3D005E1D9A /* Notify.app */;
			productType = "com.apple.product-type.application";
		};
		D194A0BE197ACC3E005E1D9A /* NotifyTests */ = {
			isa = PBXNativeTarget;
			buildConfigurationList = D194A0CC197ACC3E005E1D9A /* Build configuration list for PBXNativeTarget "NotifyTests" */;
			buildPhases = (
				D194A0BB197ACC3E005E1D9A /* Sources */,
				D194A0BC197ACC3E005E1D9A /* Frameworks */,
				D194A0BD197ACC3E005E1D9A /* Resources */,
			);
			buildRules = (
			);
			dependencies = (
				D194A0C1197ACC3E005E1D9A /* PBXTargetDependency */,
			);
			name = NotifyTests;
			productName = NotifyTests;
			productReference = D194A0BF197ACC3E005E1D9A /* NotifyTests.xctest */;
			productType = "com.apple.product-type.bundle.unit-test";
		};
/* End PBXNativeTarget section */

/* Begin PBXProject section */
		D194A0A1197ACC3D005E1D9A /* Project object */ = {
			isa = PBXProject;
			attributes = {
				LastUpgradeCheck = 0600;
				ORGANIZATIONNAME = Request;
				TargetAttributes = {
					D194A0A8197ACC3D005E1D9A = {
						CreatedOnToolsVersion = 6.0;
						DevelopmentTeam = LVCQEY3SLS;
						SystemCapabilities = {
							com.apple.BackgroundModes = {
								enabled = 1;
							};
						};
					};
					D194A0BE197ACC3E005E1D9A = {
						CreatedOnToolsVersion = 6.0;
						TestTargetID = D194A0A8197ACC3D005E1D9A;
					};
				};
			};
			buildConfigurationList = D194A0A4197ACC3D005E1D9A /* Build configuration list for PBXProject "Notify" */;
			compatibilityVersion = "Xcode 3.2";
			developmentRegion = English;
			hasScannedForEncodings = 0;
			knownRegions = (
				en,
				Base,
			);
			mainGroup = D194A0A0197ACC3D005E1D9A;
			productRefGroup = D194A0AA197ACC3D005E1D9A /* Products */;
			projectDirPath = "";
			projectRoot = "";
			targets = (
				D194A0A8197ACC3D005E1D9A /* Notify */,
				D194A0BE197ACC3E005E1D9A /* NotifyTests */,
			);
		};
/* End PBXProject section */

/* Begin PBXResourcesBuildPhase section */
		D194A0A7197ACC3D005E1D9A /* Resources */ = {
			isa = PBXResourcesBuildPhase;
			buildActionMask = 2147483647;
			files = (
				D194A0B8197ACC3D005E1D9A /* Main.storyboard in Resources */,
				D194A0BA197ACC3D005E1D9A /* Images.xcassets in Resources */,
			);
			runOnlyForDeploymentPostprocessing = 0;
		};
		D194A0BD197ACC3E005E1D9A /* Resources */ = {
			isa = PBXResourcesBuildPhase;
			buildActionMask = 2147483647;
			files = (
			);
			runOnlyForDeploymentPostprocessing = 0;
		};
/* End PBXResourcesBuildPhase section */

/* Begin PBXShellScriptBuildPhase section */
		7FDBC50720F54751AF9EA1A7 /* Check Pods Manifest.lock */ = {
			isa = PBXShellScriptBuildPhase;
			buildActionMask = 2147483647;
			files = (
			);
			inputPaths = (
			);
			name = "Check Pods Manifest.lock";
			outputPaths = (
			);
			runOnlyForDeploymentPostprocessing = 0;
			shellPath = /bin/sh;
			shellScript = "diff \"${PODS_ROOT}/../Podfile.lock\" \"${PODS_ROOT}/Manifest.lock\" > /dev/null\nif [[ $? != 0 ]] ; then\n    cat << EOM\nerror: The sandbox is not in sync with the Podfile.lock. Run 'pod install' or update your CocoaPods installation.\nEOM\n    exit 1\nfi\n";
			showEnvVarsInLog = 0;
		};
		F368AAD0CB994B448581E29A /* Copy Pods Resources */ = {
			isa = PBXShellScriptBuildPhase;
			buildActionMask = 2147483647;
			files = (
			);
			inputPaths = (
			);
			name = "Copy Pods Resources";
			outputPaths = (
			);
			runOnlyForDeploymentPostprocessing = 0;
			shellPath = /bin/sh;
			shellScript = "\"${SRCROOT}/Pods/Pods-resources.sh\"\n";
			showEnvVarsInLog = 0;
		};
/* End PBXShellScriptBuildPhase section */

/* Begin PBXSourcesBuildPhase section */
		D194A0A5197ACC3D005E1D9A /* Sources */ = {
			isa = PBXSourcesBuildPhase;
			buildActionMask = 2147483647;
			files = (
				D194A0B5197ACC3D005E1D9A /* ViewController.m in Sources */,
				D194A0B2197ACC3D005E1D9A /* AppDelegate.m in Sources */,
				D194A0AF197ACC3D005E1D9A /* main.m in Sources */,
			);
			runOnlyForDeploymentPostprocessing = 0;
		};
		D194A0BB197ACC3E005E1D9A /* Sources */ = {
			isa = PBXSourcesBuildPhase;
			buildActionMask = 2147483647;
			files = (
				D194A0C6197ACC3E005E1D9A /* NotifyTests.m in Sources */,
			);
			runOnlyForDeploymentPostprocessing = 0;
		};
/* End PBXSourcesBuildPhase section */

/* Begin PBXTargetDependency section */
		D194A0C1197ACC3E005E1D9A /* PBXTargetDependency */ = {
			isa = PBXTargetDependency;
			target = D194A0A8197ACC3D005E1D9A /* Notify */;
			targetProxy = D194A0C0197ACC3E005E1D9A /* PBXContainerItemProxy */;
		};
/* End PBXTargetDependency section */

/* Begin PBXVariantGroup section */
		D194A0B6197ACC3D005E1D9A /* Main.storyboard */ = {
			isa = PBXVariantGroup;
			children = (
				D194A0B7197ACC3D005E1D9A /* Base */,
			);
			name = Main.storyboard;
			sourceTree = "<group>";
		};
/* End PBXVariantGroup section */

/* Begin XCBuildConfiguration section */
		D194A0C7197ACC3E005E1D9A /* Debug */ = {
			isa = XCBuildConfiguration;
			buildSettings = {
				ALWAYS_SEARCH_USER_PATHS = NO;
				CLANG_CXX_LANGUAGE_STANDARD = "gnu++0x";
				CLANG_CXX_LIBRARY = "libc++";
				CLANG_ENABLE_MODULES = YES;
				CLANG_ENABLE_OBJC_ARC = YES;
				CLANG_WARN_BOOL_CONVERSION = YES;
				CLANG_WARN_CONSTANT_CONVERSION = YES;
				CLANG_WARN_DIRECT_OBJC_ISA_USAGE = YES_ERROR;
				CLANG_WARN_EMPTY_BODY = YES;
				CLANG_WARN_ENUM_CONVERSION = YES;
				CLANG_WARN_INT_CONVERSION = YES;
				CLANG_WARN_OBJC_ROOT_CLASS = YES_ERROR;
				CLANG_WARN_UNREACHABLE_CODE = YES;
				CLANG_WARN__DUPLICATE_METHOD_MATCH = YES;
				"CODE_SIGN_IDENTITY[sdk=iphoneos*]" = "iPhone Developer";
				COPY_PHASE_STRIP = NO;
				ENABLE_STRICT_OBJC_MSGSEND = YES;
				GCC_C_LANGUAGE_STANDARD = gnu99;
				GCC_DYNAMIC_NO_PIC = NO;
				GCC_OPTIMIZATION_LEVEL = 0;
				GCC_PREPROCESSOR_DEFINITIONS = (
					"DEBUG=1",
					"$(inherited)",
				);
				GCC_SYMBOLS_PRIVATE_EXTERN = NO;
				GCC_WARN_64_TO_32_BIT_CONVERSION = YES;
				GCC_WARN_ABOUT_RETURN_TYPE = YES_ERROR;
				GCC_WARN_UNDECLARED_SELECTOR = YES;
				GCC_WARN_UNINITIALIZED_AUTOS = YES_AGGRESSIVE;
				GCC_WARN_UNUSED_FUNCTION = YES;
				GCC_WARN_UNUSED_VARIABLE = YES;
				IPHONEOS_DEPLOYMENT_TARGET = 8.0;
				MTL_ENABLE_DEBUG_INFO = YES;
				ONLY_ACTIVE_ARCH = YES;
				SDKROOT = iphoneos;
			};
			name = Debug;
		};
		D194A0C8197ACC3E005E1D9A /* Release */ = {
			isa = XCBuildConfiguration;
			buildSettings = {
				ALWAYS_SEARCH_USER_PATHS = NO;
				CLANG_CXX_LANGUAGE_STANDARD = "gnu++0x";
				CLANG_CXX_LIBRARY = "libc++";
				CLANG_ENABLE_MODULES = YES;
				CLANG_ENABLE_OBJC_ARC = YES;
				CLANG_WARN_BOOL_CONVERSION = YES;
				CLANG_WARN_CONSTANT_CONVERSION = YES;
				CLANG_WARN_DIRECT_OBJC_ISA_USAGE = YES_ERROR;
				CLANG_WARN_EMPTY_BODY = YES;
				CLANG_WARN_ENUM_CONVERSION = YES;
				CLANG_WARN_INT_CONVERSION = YES;
				CLANG_WARN_OBJC_ROOT_CLASS = YES_ERROR;
				CLANG_WARN_UNREACHABLE_CODE = YES;
				CLANG_WARN__DUPLICATE_METHOD_MATCH = YES;
				"CODE_SIGN_IDENTITY[sdk=iphoneos*]" = "iPhone Developer";
				COPY_PHASE_STRIP = YES;
				ENABLE_NS_ASSERTIONS = NO;
				ENABLE_STRICT_OBJC_MSGSEND = YES;
				GCC_C_LANGUAGE_STANDARD = gnu99;
				GCC_WARN_64_TO_32_BIT_CONVERSION = YES;
				GCC_WARN_ABOUT_RETURN_TYPE = YES_ERROR;
				GCC_WARN_UNDECLARED_SELECTOR = YES;
				GCC_WARN_UNINITIALIZED_AUTOS = YES_AGGRESSIVE;
				GCC_WARN_UNUSED_FUNCTION = YES;
				GCC_WARN_UNUSED_VARIABLE = YES;
				IPHONEOS_DEPLOYMENT_TARGET = 8.0;
				MTL_ENABLE_DEBUG_INFO = NO;
				SDKROOT = iphoneos;
				VALIDATE_PRODUCT = YES;
			};
			name = Release;
		};
		D194A0CA197ACC3E005E1D9A /* Debug */ = {
			isa = XCBuildConfiguration;
			baseConfigurationReference = 16F1AAF35698424AB99D214E /* Pods.xcconfig */;
			buildSettings = {
				ASSETCATALOG_COMPILER_APPICON_NAME = AppIcon;
				ASSETCATALOG_COMPILER_LAUNCHIMAGE_NAME = LaunchImage;
				CODE_SIGN_IDENTITY = "iPhone Developer";
				INFOPLIST_FILE = Notify/Info.plist;
				IPHONEOS_DEPLOYMENT_TARGET = 7.0;
				LD_RUNPATH_SEARCH_PATHS = "$(inherited) @executable_path/Frameworks";
				PRODUCT_NAME = "$(TARGET_NAME)";
			};
			name = Debug;
		};
		D194A0CB197ACC3E005E1D9A /* Release */ = {
			isa = XCBuildConfiguration;
			baseConfigurationReference = 16F1AAF35698424AB99D214E /* Pods.xcconfig */;
			buildSettings = {
				ASSETCATALOG_COMPILER_APPICON_NAME = AppIcon;
				ASSETCATALOG_COMPILER_LAUNCHIMAGE_NAME = LaunchImage;
				CODE_SIGN_IDENTITY = "iPhone Distribution";
				INFOPLIST_FILE = Notify/Info.plist;
				IPHONEOS_DEPLOYMENT_TARGET = 7.0;
				LD_RUNPATH_SEARCH_PATHS = "$(inherited) @executable_path/Frameworks";
				PRODUCT_NAME = "$(TARGET_NAME)";
			};
			name = Release;
		};
		D194A0CD197ACC3E005E1D9A /* Debug */ = {
			isa = XCBuildConfiguration;
			buildSettings = {
				BUNDLE_LOADER = "$(BUILT_PRODUCTS_DIR)/Notify.app/Notify";
				FRAMEWORK_SEARCH_PATHS = (
					"$(SDKROOT)/Developer/Library/Frameworks",
					"$(inherited)",
				);
				GCC_PREPROCESSOR_DEFINITIONS = (
					"DEBUG=1",
					"$(inherited)",
				);
				INFOPLIST_FILE = NotifyTests/Info.plist;
				LD_RUNPATH_SEARCH_PATHS = "$(inherited) @executable_path/Frameworks @loader_path/Frameworks";
				PRODUCT_NAME = "$(TARGET_NAME)";
				TEST_HOST = "$(BUNDLE_LOADER)";
			};
			name = Debug;
		};
		D194A0CE197ACC3E005E1D9A /* Release */ = {
			isa = XCBuildConfiguration;
			buildSettings = {
				BUNDLE_LOADER = "$(BUILT_PRODUCTS_DIR)/Notify.app/Notify";
				FRAMEWORK_SEARCH_PATHS = (
					"$(SDKROOT)/Developer/Library/Frameworks",
					"$(inherited)",
				);
				INFOPLIST_FILE = NotifyTests/Info.plist;
				LD_RUNPATH_SEARCH_PATHS = "$(inherited) @executable_path/Frameworks @loader_path/Frameworks";
				PRODUCT_NAME = "$(TARGET_NAME)";
				TEST_HOST = "$(BUNDLE_LOADER)";
			};
			name = Release;
		};
/* End XCBuildConfiguration section */

/* Begin XCConfigurationList section */
		D194A0A4197ACC3D005E1D9A /* Build configuration list for PBXProject "Notify" */ = {
			isa = XCConfigurationList;
			buildConfigurations = (
				D194A0C7197ACC3E005E1D9A /* Debug */,
				D194A0C8197ACC3E005E1D9A /* Release */,
			);
			defaultConfigurationIsVisible = 0;
			defaultConfigurationName = Release;
		};
		D194A0C9197ACC3E005E1D9A /* Build configuration list for PBXNativeTarget "Notify" */ = {
			isa = XCConfigurationList;
			buildConfigurations = (
				D194A0CA197ACC3E005E1D9A /* Debug */,
				D194A0CB197ACC3E005E1D9A /* Release */,
			);
			defaultConfigurationIsVisible = 0;
			defaultConfigurationName = Release;
		};
		D194A0CC197ACC3E005E1D9A /* Build configuration list for PBXNativeTarget "NotifyTests" */ = {
			isa = XCConfigurationList;
			buildConfigurations = (
				D194A0CD197ACC3E005E1D9A /* Debug */,
				D194A0CE197ACC3E005E1D9A /* Release */,
			);
			defaultConfigurationIsVisible = 0;
			defaultConfigurationName = Release;
		};
/* End XCConfigurationList section */
	};
	rootObject = D194A0A1197ACC3D005E1D9A /* Project object */;
}
